// !$*UTF8*$!
{
	archiveVersion = 1;
	classes = {
	};
	objectVersion = 55;
	objects = {

/* Begin PBXBuildFile section */
		28D323BD2784C84E00CDF56D /* Tests_iOS.swift in Sources */ = {isa = PBXBuildFile; fileRef = 28D323BC2784C84E00CDF56D /* Tests_iOS.swift */; };
		28D323BF2784C84E00CDF56D /* Tests_iOSLaunchTests.swift in Sources */ = {isa = PBXBuildFile; fileRef = 28D323BE2784C84E00CDF56D /* Tests_iOSLaunchTests.swift */; };
		28D323C92784C84F00CDF56D /* Tests_macOS.swift in Sources */ = {isa = PBXBuildFile; fileRef = 28D323C82784C84F00CDF56D /* Tests_macOS.swift */; };
		28D323CB2784C84F00CDF56D /* Tests_macOSLaunchTests.swift in Sources */ = {isa = PBXBuildFile; fileRef = 28D323CA2784C84F00CDF56D /* Tests_macOSLaunchTests.swift */; };
		28D323CC2784C84F00CDF56D /* firstprojectApp.swift in Sources */ = {isa = PBXBuildFile; fileRef = 28D323A42784C84E00CDF56D /* firstprojectApp.swift */; };
		28D323CD2784C84F00CDF56D /* firstprojectApp.swift in Sources */ = {isa = PBXBuildFile; fileRef = 28D323A42784C84E00CDF56D /* firstprojectApp.swift */; };
		28D323CF2784C84F00CDF56D /* ContentView.python in Sources */ = {isa = PBXBuildFile; fileRef = 28D323A52784C84E00CDF56D /* ContentView.python */; };
		28D323D02784C84F00CDF56D /* Assets.xcassets in Resources */ = {isa = PBXBuildFile; fileRef = 28D323A62784C84E00CDF56D /* Assets.xcassets */; };
		28D323D12784C84F00CDF56D /* Assets.xcassets in Resources */ = {isa = PBXBuildFile; fileRef = 28D323A62784C84E00CDF56D /* Assets.xcassets */; };
/* End PBXBuildFile section */

/* Begin PBXContainerItemProxy section */
		28D323B92784C84E00CDF56D /* PBXContainerItemProxy */ = {
			isa = PBXContainerItemProxy;
			containerPortal = 28D3239F2784C84E00CDF56D /* Project object */;
			proxyType = 1;
			remoteGlobalIDString = 28D323AA2784C84E00CDF56D;
			remoteInfo = "firstproject (iOS)";
		};
		28D323C52784C84E00CDF56D /* PBXContainerItemProxy */ = {
			isa = PBXContainerItemProxy;
			containerPortal = 28D3239F2784C84E00CDF56D /* Project object */;
			proxyType = 1;
			remoteGlobalIDString = 28D323B02784C84E00CDF56D;
			remoteInfo = "firstproject (macOS)";
		};
/* End PBXContainerItemProxy section */

/* Begin PBXFileReference section */
		28D323A42784C84E00CDF56D /* firstprojectApp.swift */ = {isa = PBXFileReference; lastKnownFileType = sourcecode.swift; path = firstprojectApp.swift; sourceTree = "<group>"; };
		28D323A52784C84E00CDF56D /* ContentView.python */ = {isa = PBXFileReference; explicitFileType = text.script.python; path = ContentView.python; sourceTree = "<group>"; };
		28D323A62784C84E00CDF56D /* Assets.xcassets */ = {isa = PBXFileReference; lastKnownFileType = folder.assetcatalog; path = Assets.xcassets; sourceTree = "<group>"; };
		28D323AB2784C84E00CDF56D /* firstproject.app */ = {isa = PBXFileReference; explicitFileType = wrapper.application; includeInIndex = 0; path = firstproject.app; sourceTree = BUILT_PRODUCTS_DIR; };
		28D323B12784C84E00CDF56D /* firstproject.app */ = {isa = PBXFileReference; explicitFileType = wrapper.application; includeInIndex = 0; path = firstproject.app; sourceTree = BUILT_PRODUCTS_DIR; };
		28D323B32784C84E00CDF56D /* macOS.entitlements */ = {isa = PBXFileReference; lastKnownFileType = text.plist.entitlements; path = macOS.entitlements; sourceTree = "<group>"; };
		28D323B82784C84E00CDF56D /* Tests iOS.xctest */ = {isa = PBXFileReference; explicitFileType = wrapper.cfbundle; includeInIndex = 0; path = "Tests iOS.xctest"; sourceTree = BUILT_PRODUCTS_DIR; };
		28D323BC2784C84E00CDF56D /* Tests_iOS.swift */ = {isa = PBXFileReference; lastKnownFileType = sourcecode.swift; path = Tests_iOS.swift; sourceTree = "<group>"; };
		28D323BE2784C84E00CDF56D /* Tests_iOSLaunchTests.swift */ = {isa = PBXFileReference; lastKnownFileType = sourcecode.swift; path = Tests_iOSLaunchTests.swift; sourceTree = "<group>"; };
		28D323C42784C84E00CDF56D /* Tests macOS.xctest */ = {isa = PBXFileReference; explicitFileType = wrapper.cfbundle; includeInIndex = 0; path = "Tests macOS.xctest"; sourceTree = BUILT_PRODUCTS_DIR; };
		28D323C82784C84F00CDF56D /* Tests_macOS.swift */ = {isa = PBXFileReference; lastKnownFileType = sourcecode.swift; path = Tests_macOS.swift; sourceTree = "<group>"; };
		28D323CA2784C84F00CDF56D /* Tests_macOSLaunchTests.swift */ = {isa = PBXFileReference; lastKnownFileType = sourcecode.swift; path = Tests_macOSLaunchTests.swift; sourceTree = "<group>"; };
/* End PBXFileReference section */

/* Begin PBXFrameworksBuildPhase section */
		28D323A82784C84E00CDF56D /* Frameworks */ = {
			isa = PBXFrameworksBuildPhase;
			buildActionMask = 2147483647;
			files = (
			);
			runOnlyForDeploymentPostprocessing = 0;
		};
		28D323AE2784C84E00CDF56D /* Frameworks */ = {
			isa = PBXFrameworksBuildPhase;
			buildActionMask = 2147483647;
			files = (
			);
			runOnlyForDeploymentPostprocessing = 0;
		};
		28D323B52784C84E00CDF56D /* Frameworks */ = {
			isa = PBXFrameworksBuildPhase;
			buildActionMask = 2147483647;
			files = (
			);
			runOnlyForDeploymentPostprocessing = 0;
		};
		28D323C12784C84E00CDF56D /* Frameworks */ = {
			isa = PBXFrameworksBuildPhase;
			buildActionMask = 2147483647;
			files = (
			);
			runOnlyForDeploymentPostprocessing = 0;
		};
/* End PBXFrameworksBuildPhase section */

/* Begin PBXGroup section */
		28D3239E2784C84E00CDF56D = {
			isa = PBXGroup;
			children = (
				28D323A32784C84E00CDF56D /* Shared */,
				28D323B22784C84E00CDF56D /* macOS */,
				28D323BB2784C84E00CDF56D /* Tests iOS */,
				28D323C72784C84E00CDF56D /* Tests macOS */,
				28D323AC2784C84E00CDF56D /* Products */,
			);
			sourceTree = "<group>";
		};
		28D323A32784C84E00CDF56D /* Shared */ = {
			isa = PBXGroup;
			children = (
				28D323A42784C84E00CDF56D /* firstprojectApp.swift */,
				28D323A52784C84E00CDF56D /* ContentView.python */,
				28D323A62784C84E00CDF56D /* Assets.xcassets */,
			);
			path = Shared;
			sourceTree = "<group>";
		};
		28D323AC2784C84E00CDF56D /* Products */ = {
			isa = PBXGroup;
			children = (
				28D323AB2784C84E00CDF56D /* firstproject.app */,
				28D323B12784C84E00CDF56D /* firstproject.app */,
				28D323B82784C84E00CDF56D /* Tests iOS.xctest */,
				28D323C42784C84E00CDF56D /* Tests macOS.xctest */,
			);
			name = Products;
			sourceTree = "<group>";
		};
		28D323B22784C84E00CDF56D /* macOS */ = {
			isa = PBXGroup;
			children = (
				28D323B32784C84E00CDF56D /* macOS.entitlements */,
			);
			path = macOS;
			sourceTree = "<group>";
		};
		28D323BB2784C84E00CDF56D /* Tests iOS */ = {
			isa = PBXGroup;
			children = (
				28D323BC2784C84E00CDF56D /* Tests_iOS.swift */,
				28D323BE2784C84E00CDF56D /* Tests_iOSLaunchTests.swift */,
			);
			path = "Tests iOS";
			sourceTree = "<group>";
		};
		28D323C72784C84E00CDF56D /* Tests macOS */ = {
			isa = PBXGroup;
			children = (
				28D323C82784C84F00CDF56D /* Tests_macOS.swift */,
				28D323CA2784C84F00CDF56D /* Tests_macOSLaunchTests.swift */,
			);
			path = "Tests macOS";
			sourceTree = "<group>";
		};
/* End PBXGroup section */

/* Begin PBXNativeTarget section */
		28D323AA2784C84E00CDF56D /* firstproject (iOS) */ = {
			isa = PBXNativeTarget;
			buildConfigurationList = 28D323D42784C84F00CDF56D /* Build configuration list for PBXNativeTarget "firstproject (iOS)" */;
			buildPhases = (
				28D323A72784C84E00CDF56D /* Sources */,
				28D323A82784C84E00CDF56D /* Frameworks */,
				28D323A92784C84E00CDF56D /* Resources */,
			);
			buildRules = (
			);
			dependencies = (
			);
			name = "firstproject (iOS)";
			productName = "firstproject (iOS)";
			productReference = 28D323AB2784C84E00CDF56D /* firstproject.app */;
			productType = "com.apple.product-type.application";
		};
		28D323B02784C84E00CDF56D /* firstproject (macOS) */ = {
			isa = PBXNativeTarget;
			buildConfigurationList = 28D323D72784C84F00CDF56D /* Build configuration list for PBXNativeTarget "firstproject (macOS)" */;
			buildPhases = (
				28D323AD2784C84E00CDF56D /* Sources */,
				28D323AE2784C84E00CDF56D /* Frameworks */,
				28D323AF2784C84E00CDF56D /* Resources */,
			);
			buildRules = (
			);
			dependencies = (
			);
			name = "firstproject (macOS)";
			productName = "firstproject (macOS)";
			productReference = 28D323B12784C84E00CDF56D /* firstproject.app */;
			productType = "com.apple.product-type.application";
		};
		28D323B72784C84E00CDF56D /* Tests iOS */ = {
			isa = PBXNativeTarget;
			buildConfigurationList = 28D323DA2784C84F00CDF56D /* Build configuration list for PBXNativeTarget "Tests iOS" */;
			buildPhases = (
				28D323B42784C84E00CDF56D /* Sources */,
				28D323B52784C84E00CDF56D /* Frameworks */,
				28D323B62784C84E00CDF56D /* Resources */,
			);
			buildRules = (
			);
			dependencies = (
				28D323BA2784C84E00CDF56D /* PBXTargetDependency */,
			);
			name = "Tests iOS";
			productName = "Tests iOS";
			productReference = 28D323B82784C84E00CDF56D /* Tests iOS.xctest */;
			productType = "com.apple.product-type.bundle.ui-testing";
		};
		28D323C32784C84E00CDF56D /* Tests macOS */ = {
			isa = PBXNativeTarget;
			buildConfigurationList = 28D323DD2784C84F00CDF56D /* Build configuration list for PBXNativeTarget "Tests macOS" */;
			buildPhases = (
				28D323C02784C84E00CDF56D /* Sources */,
				28D323C12784C84E00CDF56D /* Frameworks */,
				28D323C22784C84E00CDF56D /* Resources */,
			);
			buildRules = (
			);
			dependencies = (
				28D323C62784C84E00CDF56D /* PBXTargetDependency */,
			);
			name = "Tests macOS";
			productName = "Tests macOS";
			productReference = 28D323C42784C84E00CDF56D /* Tests macOS.xctest */;
			productType = "com.apple.product-type.bundle.ui-testing";
		};
/* End PBXNativeTarget section */

/* Begin PBXProject section */
		28D3239F2784C84E00CDF56D /* Project object */ = {
			isa = PBXProject;
			attributes = {
				BuildIndependentTargetsInParallel = 1;
				LastSwiftUpdateCheck = 1320;
				LastUpgradeCheck = 1320;
				TargetAttributes = {
					28D323AA2784C84E00CDF56D = {
						CreatedOnToolsVersion = 13.2.1;
					};
					28D323B02784C84E00CDF56D = {
						CreatedOnToolsVersion = 13.2.1;
					};
					28D323B72784C84E00CDF56D = {
						CreatedOnToolsVersion = 13.2.1;
						TestTargetID = 28D323AA2784C84E00CDF56D;
					};
					28D323C32784C84E00CDF56D = {
						CreatedOnToolsVersion = 13.2.1;
						TestTargetID = 28D323B02784C84E00CDF56D;
					};
				};
			};
			buildConfigurationList = 28D323A22784C84E00CDF56D /* Build configuration list for PBXProject "firstproject" */;
			compatibilityVersion = "Xcode 13.0";
			developmentRegion = en;
			hasScannedForEncodings = 0;
			knownRegions = (
				en,
				Base,
			);
			mainGroup = 28D3239E2784C84E00CDF56D;
			productRefGroup = 28D323AC2784C84E00CDF56D /* Products */;
			projectDirPath = "";
			projectRoot = "";
			targets = (
				28D323AA2784C84E00CDF56D /* firstproject (iOS) */,
				28D323B02784C84E00CDF56D /* firstproject (macOS) */,
				28D323B72784C84E00CDF56D /* Tests iOS */,
				28D323C32784C84E00CDF56D /* Tests macOS */,
			);
		};
/* End PBXProject section */

/* Begin PBXResourcesBuildPhase section */
		28D323A92784C84E00CDF56D /* Resources */ = {
			isa = PBXResourcesBuildPhase;
			buildActionMask = 2147483647;
			files = (
				28D323D02784C84F00CDF56D /* Assets.xcassets in Resources */,
			);
			runOnlyForDeploymentPostprocessing = 0;
		};
		28D323AF2784C84E00CDF56D /* Resources */ = {
			isa = PBXResourcesBuildPhase;
			buildActionMask = 2147483647;
			files = (
				28D323D12784C84F00CDF56D /* Assets.xcassets in Resources */,
			);
			runOnlyForDeploymentPostprocessing = 0;
		};
		28D323B62784C84E00CDF56D /* Resources */ = {
			isa = PBXResourcesBuildPhase;
			buildActionMask = 2147483647;
			files = (
			);
			runOnlyForDeploymentPostprocessing = 0;
		};
		28D323C22784C84E00CDF56D /* Resources */ = {
			isa = PBXResourcesBuildPhase;
			buildActionMask = 2147483647;
			files = (
			);
			runOnlyForDeploymentPostprocessing = 0;
		};
/* End PBXResourcesBuildPhase section */

/* Begin PBXSourcesBuildPhase section */
		28D323A72784C84E00CDF56D /* Sources */ = {
			isa = PBXSourcesBuildPhase;
			buildActionMask = 2147483647;
			files = (
				28D323CC2784C84F00CDF56D /* firstprojectApp.swift in Sources */,
			);
			runOnlyForDeploymentPostprocessing = 0;
		};
		28D323AD2784C84E00CDF56D /* Sources */ = {
			isa = PBXSourcesBuildPhase;
			buildActionMask = 2147483647;
			files = (
				28D323CF2784C84F00CDF56D /* ContentView.python in Sources */,
				28D323CD2784C84F00CDF56D /* firstprojectApp.swift in Sources */,
			);
			runOnlyForDeploymentPostprocessing = 0;
		};
		28D323B42784C84E00CDF56D /* Sources */ = {
			isa = PBXSourcesBuildPhase;
			buildActionMask = 2147483647;
			files = (
				28D323BF2784C84E00CDF56D /* Tests_iOSLaunchTests.swift in Sources */,
				28D323BD2784C84E00CDF56D /* Tests_iOS.swift in Sources */,
			);
			runOnlyForDeploymentPostprocessing = 0;
		};
		28D323C02784C84E00CDF56D /* Sources */ = {
			isa = PBXSourcesBuildPhase;
			buildActionMask = 2147483647;
			files = (
				28D323CB2784C84F00CDF56D /* Tests_macOSLaunchTests.swift in Sources */,
				28D323C92784C84F00CDF56D /* Tests_macOS.swift in Sources */,
			);
			runOnlyForDeploymentPostprocessing = 0;
		};
/* End PBXSourcesBuildPhase section */

/* Begin PBXTargetDependency section */
		28D323BA2784C84E00CDF56D /* PBXTargetDependency */ = {
			isa = PBXTargetDependency;
			target = 28D323AA2784C84E00CDF56D /* firstproject (iOS) */;
			targetProxy = 28D323B92784C84E00CDF56D /* PBXContainerItemProxy */;
		};
		28D323C62784C84E00CDF56D /* PBXTargetDependency */ = {
			isa = PBXTargetDependency;
			target = 28D323B02784C84E00CDF56D /* firstproject (macOS) */;
			targetProxy = 28D323C52784C84E00CDF56D /* PBXContainerItemProxy */;
		};
/* End PBXTargetDependency section */

/* Begin XCBuildConfiguration section */
		28D323D22784C84F00CDF56D /* Debug */ = {
			isa = XCBuildConfiguration;
			buildSettings = {
				ALWAYS_SEARCH_USER_PATHS = NO;
				CLANG_ANALYZER_NONNULL = YES;
				CLANG_ANALYZER_NUMBER_OBJECT_CONVERSION = YES_AGGRESSIVE;
				CLANG_CXX_LANGUAGE_STANDARD = "gnu++17";
				CLANG_CXX_LIBRARY = "libc++";
				CLANG_ENABLE_MODULES = YES;
				CLANG_ENABLE_OBJC_ARC = YES;
				CLANG_ENABLE_OBJC_WEAK = YES;
				CLANG_WARN_BLOCK_CAPTURE_AUTORELEASING = YES;
				CLANG_WARN_BOOL_CONVERSION = YES;
				CLANG_WARN_COMMA = YES;
				CLANG_WARN_CONSTANT_CONVERSION = YES;
				CLANG_WARN_DEPRECATED_OBJC_IMPLEMENTATIONS = YES;
				CLANG_WARN_DIRECT_OBJC_ISA_USAGE = YES_ERROR;
				CLANG_WARN_DOCUMENTATION_COMMENTS = YES;
				CLANG_WARN_EMPTY_BODY = YES;
				CLANG_WARN_ENUM_CONVERSION = YES;
				CLANG_WARN_INFINITE_RECURSION = YES;
				CLANG_WARN_INT_CONVERSION = YES;
				CLANG_WARN_NON_LITERAL_NULL_CONVERSION = YES;
				CLANG_WARN_OBJC_IMPLICIT_RETAIN_SELF = YES;
				CLANG_WARN_OBJC_LITERAL_CONVERSION = YES;
				CLANG_WARN_OBJC_ROOT_CLASS = YES_ERROR;
				CLANG_WARN_QUOTED_INCLUDE_IN_FRAMEWORK_HEADER = YES;
				CLANG_WARN_RANGE_LOOP_ANALYSIS = YES;
				CLANG_WARN_STRICT_PROTOTYPES = YES;
				CLANG_WARN_SUSPICIOUS_MOVE = YES;
				CLANG_WARN_UNGUARDED_AVAILABILITY = YES_AGGRESSIVE;
				CLANG_WARN_UNREACHABLE_CODE = YES;
				CLANG_WARN__DUPLICATE_METHOD_MATCH = YES;
				COPY_PHASE_STRIP = NO;
				DEBUG_INFORMATION_FORMAT = dwarf;
				ENABLE_STRICT_OBJC_MSGSEND = YES;
				ENABLE_TESTABILITY = YES;
				GCC_C_LANGUAGE_STANDARD = gnu11;
				GCC_DYNAMIC_NO_PIC = NO;
				GCC_NO_COMMON_BLOCKS = YES;
				GCC_OPTIMIZATION_LEVEL = 0;
				GCC_PREPROCESSOR_DEFINITIONS = (
					"DEBUG=1",
					"$(inherited)",
				);
				GCC_WARN_64_TO_32_BIT_CONVERSION = YES;
				GCC_WARN_ABOUT_RETURN_TYPE = YES_ERROR;
				GCC_WARN_UNDECLARED_SELECTOR = YES;
				GCC_WARN_UNINITIALIZED_AUTOS = YES_AGGRESSIVE;
				GCC_WARN_UNUSED_FUNCTION = YES;
				GCC_WARN_UNUSED_VARIABLE = YES;
				MTL_ENABLE_DEBUG_INFO = INCLUDE_SOURCE;
				MTL_FAST_MATH = YES;
				ONLY_ACTIVE_ARCH = YES;
				SWIFT_ACTIVE_COMPILATION_CONDITIONS = DEBUG;
				SWIFT_OPTIMIZATION_LEVEL = "-Onone";
			};
			name = Debug;
		};
		28D323D32784C84F00CDF56D /* Release */ = {
			isa = XCBuildConfiguration;
			buildSettings = {
				ALWAYS_SEARCH_USER_PATHS = NO;
				CLANG_ANALYZER_NONNULL = YES;
				CLANG_ANALYZER_NUMBER_OBJECT_CONVERSION = YES_AGGRESSIVE;
				CLANG_CXX_LANGUAGE_STANDARD = "gnu++17";
				CLANG_CXX_LIBRARY = "libc++";
				CLANG_ENABLE_MODULES = YES;
				CLANG_ENABLE_OBJC_ARC = YES;
				CLANG_ENABLE_OBJC_WEAK = YES;
				CLANG_WARN_BLOCK_CAPTURE_AUTORELEASING = YES;
				CLANG_WARN_BOOL_CONVERSION = YES;
				CLANG_WARN_COMMA = YES;
				CLANG_WARN_CONSTANT_CONVERSION = YES;
				CLANG_WARN_DEPRECATED_OBJC_IMPLEMENTATIONS = YES;
				CLANG_WARN_DIRECT_OBJC_ISA_USAGE = YES_ERROR;
				CLANG_WARN_DOCUMENTATION_COMMENTS = YES;
				CLANG_WARN_EMPTY_BODY = YES;
				CLANG_WARN_ENUM_CONVERSION = YES;
				CLANG_WARN_INFINITE_RECURSION = YES;
				CLANG_WARN_INT_CONVERSION = YES;
				CLANG_WARN_NON_LITERAL_NULL_CONVERSION = YES;
				CLANG_WARN_OBJC_IMPLICIT_RETAIN_SELF = YES;
				CLANG_WARN_OBJC_LITERAL_CONVERSION = YES;
				CLANG_WARN_OBJC_ROOT_CLASS = YES_ERROR;
				CLANG_WARN_QUOTED_INCLUDE_IN_FRAMEWORK_HEADER = YES;
				CLANG_WARN_RANGE_LOOP_ANALYSIS = YES;
				CLANG_WARN_STRICT_PROTOTYPES = YES;
				CLANG_WARN_SUSPICIOUS_MOVE = YES;
				CLANG_WARN_UNGUARDED_AVAILABILITY = YES_AGGRESSIVE;
				CLANG_WARN_UNREACHABLE_CODE = YES;
				CLANG_WARN__DUPLICATE_METHOD_MATCH = YES;
				COPY_PHASE_STRIP = NO;
				DEBUG_INFORMATION_FORMAT = "dwarf-with-dsym";
				ENABLE_NS_ASSERTIONS = NO;
				ENABLE_STRICT_OBJC_MSGSEND = YES;
				GCC_C_LANGUAGE_STANDARD = gnu11;
				GCC_NO_COMMON_BLOCKS = YES;
				GCC_WARN_64_TO_32_BIT_CONVERSION = YES;
				GCC_WARN_ABOUT_RETURN_TYPE = YES_ERROR;
				GCC_WARN_UNDECLARED_SELECTOR = YES;
				GCC_WARN_UNINITIALIZED_AUTOS = YES_AGGRESSIVE;
				GCC_WARN_UNUSED_FUNCTION = YES;
				GCC_WARN_UNUSED_VARIABLE = YES;
				MTL_ENABLE_DEBUG_INFO = NO;
				MTL_FAST_MATH = YES;
				SWIFT_COMPILATION_MODE = wholemodule;
				SWIFT_OPTIMIZATION_LEVEL = "-O";
			};
			name = Release;
		};
		28D323D52784C84F00CDF56D /* Debug */ = {
			isa = XCBuildConfiguration;
			buildSettings = {
				ASSETCATALOG_COMPILER_APPICON_NAME = AppIcon;
				ASSETCATALOG_COMPILER_GLOBAL_ACCENT_COLOR_NAME = AccentColor;
				CODE_SIGN_STYLE = Automatic;
				CURRENT_PROJECT_VERSION = 1;
				ENABLE_PREVIEWS = YES;
				GENERATE_INFOPLIST_FILE = YES;
				INFOPLIST_KEY_UIApplicationSceneManifest_Generation = YES;
				INFOPLIST_KEY_UIApplicationSupportsIndirectInputEvents = YES;
				INFOPLIST_KEY_UILaunchScreen_Generation = YES;
				INFOPLIST_KEY_UISupportedInterfaceOrientations_iPad = "UIInterfaceOrientationPortrait UIInterfaceOrientationPortraitUpsideDown UIInterfaceOrientationLandscapeLeft UIInterfaceOrientationLandscapeRight";
				INFOPLIST_KEY_UISupportedInterfaceOrientations_iPhone = "UIInterfaceOrientationPortrait UIInterfaceOrientationLandscapeLeft UIInterfaceOrientationLandscapeRight";
				IPHONEOS_DEPLOYMENT_TARGET = 15.2;
				LD_RUNPATH_SEARCH_PATHS = (
					"$(inherited)",
					"@executable_path/Frameworks",
				);
				MARKETING_VERSION = 1.0;
				PRODUCT_BUNDLE_IDENTIFIER = korlapati.firstproject;
				PRODUCT_NAME = firstproject;
				SDKROOT = iphoneos;
				SWIFT_EMIT_LOC_STRINGS = YES;
				SWIFT_VERSION = 5.0;
				TARGETED_DEVICE_FAMILY = "1,2";
			};
			name = Debug;
		};
		28D323D62784C84F00CDF56D /* Release */ = {
			isa = XCBuildConfiguration;
			buildSettings = {
				ASSETCATALOG_COMPILER_APPICON_NAME = AppIcon;
				ASSETCATALOG_COMPILER_GLOBAL_ACCENT_COLOR_NAME = AccentColor;
				CODE_SIGN_STYLE = Automatic;
				CURRENT_PROJECT_VERSION = 1;
				ENABLE_PREVIEWS = YES;
				GENERATE_INFOPLIST_FILE = YES;
				INFOPLIST_KEY_UIApplicationSceneManifest_Generation = YES;
				INFOPLIST_KEY_UIApplicationSupportsIndirectInputEvents = YES;
				INFOPLIST_KEY_UILaunchScreen_Generation = YES;
				INFOPLIST_KEY_UISupportedInterfaceOrientations_iPad = "UIInterfaceOrientationPortrait UIInterfaceOrientationPortraitUpsideDown UIInterfaceOrientationLandscapeLeft UIInterfaceOrientationLandscapeRight";
				INFOPLIST_KEY_UISupportedInterfaceOrientations_iPhone = "UIInterfaceOrientationPortrait UIInterfaceOrientationLandscapeLeft UIInterfaceOrientationLandscapeRight";
				IPHONEOS_DEPLOYMENT_TARGET = 15.2;
				LD_RUNPATH_SEARCH_PATHS = (
					"$(inherited)",
					"@executable_path/Frameworks",
				);
				MARKETING_VERSION = 1.0;
				PRODUCT_BUNDLE_IDENTIFIER = korlapati.firstproject;
				PRODUCT_NAME = firstproject;
				SDKROOT = iphoneos;
				SWIFT_EMIT_LOC_STRINGS = YES;
				SWIFT_VERSION = 5.0;
				TARGETED_DEVICE_FAMILY = "1,2";
				VALIDATE_PRODUCT = YES;
			};
			name = Release;
		};
		28D323D82784C84F00CDF56D /* Debug */ = {
			isa = XCBuildConfiguration;
			buildSettings = {
				ASSETCATALOG_COMPILER_APPICON_NAME = AppIcon;
				ASSETCATALOG_COMPILER_GLOBAL_ACCENT_COLOR_NAME = AccentColor;
				CODE_SIGN_ENTITLEMENTS = macOS/macOS.entitlements;
				CODE_SIGN_STYLE = Automatic;
				COMBINE_HIDPI_IMAGES = YES;
				CURRENT_PROJECT_VERSION = 1;
				ENABLE_PREVIEWS = YES;
				GENERATE_INFOPLIST_FILE = YES;
				INFOPLIST_KEY_NSHumanReadableCopyright = "";
				LD_RUNPATH_SEARCH_PATHS = (
					"$(inherited)",
					"@executable_path/../Frameworks",
				);
				MACOSX_DEPLOYMENT_TARGET = 12.0;
				MARKETING_VERSION = 1.0;
				PRODUCT_BUNDLE_IDENTIFIER = korlapati.firstproject;
				PRODUCT_NAME = firstproject;
				SDKROOT = macosx;
				SWIFT_EMIT_LOC_STRINGS = YES;
				SWIFT_VERSION = 5.0;
			};
			name = Debug;
		};
		28D323D92784C84F00CDF56D /* Release */ = {
			isa = XCBuildConfiguration;
			buildSettings = {
				ASSETCATALOG_COMPILER_APPICON_NAME = AppIcon;
				ASSETCATALOG_COMPILER_GLOBAL_ACCENT_COLOR_NAME = AccentColor;
				CODE_SIGN_ENTITLEMENTS = macOS/macOS.entitlements;
				CODE_SIGN_STYLE = Automatic;
				COMBINE_HIDPI_IMAGES = YES;
				CURRENT_PROJECT_VERSION = 1;
				ENABLE_PREVIEWS = YES;
				GENERATE_INFOPLIST_FILE = YES;
				INFOPLIST_KEY_NSHumanReadableCopyright = "";
				LD_RUNPATH_SEARCH_PATHS = (
					"$(inherited)",
					"@executable_path/../Frameworks",
				);
				MACOSX_DEPLOYMENT_TARGET = 12.0;
				MARKETING_VERSION = 1.0;
				PRODUCT_BUNDLE_IDENTIFIER = korlapati.firstproject;
				PRODUCT_NAME = firstproject;
				SDKROOT = macosx;
				SWIFT_EMIT_LOC_STRINGS = YES;
				SWIFT_VERSION = 5.0;
			};
			name = Release;
		};
		28D323DB2784C84F00CDF56D /* Debug */ = {
			isa = XCBuildConfiguration;
			buildSettings = {
				ALWAYS_EMBED_SWIFT_STANDARD_LIBRARIES = YES;
				CODE_SIGN_STYLE = Automatic;
				CURRENT_PROJECT_VERSION = 1;
				GENERATE_INFOPLIST_FILE = YES;
				IPHONEOS_DEPLOYMENT_TARGET = 15.2;
				MARKETING_VERSION = 1.0;
				PRODUCT_BUNDLE_IDENTIFIER = "korlapati.Tests-iOS";
				PRODUCT_NAME = "$(TARGET_NAME)";
				SDKROOT = iphoneos;
				SWIFT_EMIT_LOC_STRINGS = NO;
				SWIFT_VERSION = 5.0;
				TARGETED_DEVICE_FAMILY = "1,2";
				TEST_TARGET_NAME = "firstproject (iOS)";
			};
			name = Debug;
		};
		28D323DC2784C84F00CDF56D /* Release */ = {
			isa = XCBuildConfiguration;
			buildSettings = {
				ALWAYS_EMBED_SWIFT_STANDARD_LIBRARIES = YES;
				CODE_SIGN_STYLE = Automatic;
				CURRENT_PROJECT_VERSION = 1;
				GENERATE_INFOPLIST_FILE = YES;
				IPHONEOS_DEPLOYMENT_TARGET = 15.2;
				MARKETING_VERSION = 1.0;
				PRODUCT_BUNDLE_IDENTIFIER = "korlapati.Tests-iOS";
				PRODUCT_NAME = "$(TARGET_NAME)";
				SDKROOT = iphoneos;
				SWIFT_EMIT_LOC_STRINGS = NO;
				SWIFT_VERSION = 5.0;
				TARGETED_DEVICE_FAMILY = "1,2";
				TEST_TARGET_NAME = "firstproject (iOS)";
				VALIDATE_PRODUCT = YES;
			};
			name = Release;
		};
		28D323DE2784C84F00CDF56D /* Debug */ = {
			isa = XCBuildConfiguration;
			buildSettings = {
				ALWAYS_EMBED_SWIFT_STANDARD_LIBRARIES = YES;
				CODE_SIGN_STYLE = Automatic;
				CURRENT_PROJECT_VERSION = 1;
				GENERATE_INFOPLIST_FILE = YES;
				MACOSX_DEPLOYMENT_TARGET = 12.0;
				MARKETING_VERSION = 1.0;
				PRODUCT_BUNDLE_IDENTIFIER = "korlapati.Tests-macOS";
				PRODUCT_NAME = "$(TARGET_NAME)";
				SDKROOT = macosx;
				SWIFT_EMIT_LOC_STRINGS = NO;
				SWIFT_VERSION = 5.0;
				TEST_TARGET_NAME = "firstproject (macOS)";
			};
			name = Debug;
		};
		28D323DF2784C84F00CDF56D /* Release */ = {
			isa = XCBuildConfiguration;
			buildSettings = {
				ALWAYS_EMBED_SWIFT_STANDARD_LIBRARIES = YES;
				CODE_SIGN_STYLE = Automatic;
				CURRENT_PROJECT_VERSION = 1;
				GENERATE_INFOPLIST_FILE = YES;
				MACOSX_DEPLOYMENT_TARGET = 12.0;
				MARKETING_VERSION = 1.0;
				PRODUCT_BUNDLE_IDENTIFIER = "korlapati.Tests-macOS";
				PRODUCT_NAME = "$(TARGET_NAME)";
				SDKROOT = macosx;
				SWIFT_EMIT_LOC_STRINGS = NO;
				SWIFT_VERSION = 5.0;
				TEST_TARGET_NAME = "firstproject (macOS)";
			};
			name = Release;
		};
/* End XCBuildConfiguration section */

/* Begin XCConfigurationList section */
		28D323A22784C84E00CDF56D /* Build configuration list for PBXProject "firstproject" */ = {
			isa = XCConfigurationList;
			buildConfigurations = (
				28D323D22784C84F00CDF56D /* Debug */,
				28D323D32784C84F00CDF56D /* Release */,
			);
			defaultConfigurationIsVisible = 0;
			defaultConfigurationName = Release;
		};
		28D323D42784C84F00CDF56D /* Build configuration list for PBXNativeTarget "firstproject (iOS)" */ = {
			isa = XCConfigurationList;
			buildConfigurations = (
				28D323D52784C84F00CDF56D /* Debug */,
				28D323D62784C84F00CDF56D /* Release */,
			);
			defaultConfigurationIsVisible = 0;
			defaultConfigurationName = Release;
		};
		28D323D72784C84F00CDF56D /* Build configuration list for PBXNativeTarget "firstproject (macOS)" */ = {
			isa = XCConfigurationList;
			buildConfigurations = (
				28D323D82784C84F00CDF56D /* Debug */,
				28D323D92784C84F00CDF56D /* Release */,
			);
			defaultConfigurationIsVisible = 0;
			defaultConfigurationName = Release;
		};
		28D323DA2784C84F00CDF56D /* Build configuration list for PBXNativeTarget "Tests iOS" */ = {
			isa = XCConfigurationList;
			buildConfigurations = (
				28D323DB2784C84F00CDF56D /* Debug */,
				28D323DC2784C84F00CDF56D /* Release */,
			);
			defaultConfigurationIsVisible = 0;
			defaultConfigurationName = Release;
		};
		28D323DD2784C84F00CDF56D /* Build configuration list for PBXNativeTarget "Tests macOS" */ = {
			isa = XCConfigurationList;
			buildConfigurations = (
				28D323DE2784C84F00CDF56D /* Debug */,
				28D323DF2784C84F00CDF56D /* Release */,
			);
			defaultConfigurationIsVisible = 0;
			defaultConfigurationName = Release;
		};
/* End XCConfigurationList section */
	};
	rootObject = 28D3239F2784C84E00CDF56D /* Project object */;
}
